
Microsoft Visual Studio Solution File, Format Version 12.00
# Visual Studio Version 17
VisualStudioVersion = 17.5.002.0
MinimumVisualStudioVersion = 10.0.40219.1
Project("{2150E333-8FDC-42A3-9474-1A3956D46DE8}") = "csharp-prep", "csharp-prep", "{5BCD0385-308C-4B34-9876-BCBE4F2BD9E8}"
EndProject
Project("{9A19103F-16F7-4668-BE54-9A1E7A4F7556}") = "Prep1", "csharp-prep\Prep1\Prep1.csproj", "{78589441-B87A-4A81-A443-7153F5303479}"
EndProject
Project("{9A19103F-16F7-4668-BE54-9A1E7A4F7556}") = "Prep2", "csharp-prep\Prep2\Prep2.csproj", "{FD5C3A57-7EDC-4DF8-B144-723F69A8E513}"
EndProject
Project("{9A19103F-16F7-4668-BE54-9A1E7A4F7556}") = "Prep3", "csharp-prep\Prep3\Prep3.csproj", "{F9CCF192-FACF-471E-B4AE-BD274CFFE6B6}"
EndProject
Project("{9A19103F-16F7-4668-BE54-9A1E7A4F7556}") = "Prep4", "csharp-prep\Prep4\Prep4.csproj", "{CFF09143-C9B0-40D3-8BA1-E6DE4D0199BC}"
EndProject
Project("{9A19103F-16F7-4668-BE54-9A1E7A4F7556}") = "Prep5", "csharp-prep\Prep5\Prep5.csproj", "{C7D1B016-3CC9-4149-9FB8-96DDC0C5D6EE}"
EndProject
Project("{2150E333-8FDC-42A3-9474-1A3956D46DE8}") = "final", "final", "{9CB28E75-251A-44C3-9CDC-73FF91A64161}"
EndProject
Project("{9A19103F-16F7-4668-BE54-9A1E7A4F7556}") = "FinalProject", "final\FinalProject\FinalProject.csproj", "{A39D3BD2-A973-4572-A9E6-CC6CBB06275B}"
EndProject
Project("{9A19103F-16F7-4668-BE54-9A1E7A4F7556}") = "Foundation1", "final\Foundation1\Foundation1.csproj", "{9F357E36-ACA9-400D-B806-71D0F37CF1F2}"
EndProject
Project("{9A19103F-16F7-4668-BE54-9A1E7A4F7556}") = "Foundation2", "final\Foundation2\Foundation2.csproj", "{96DEA8CB-6629-4192-A916-299974657433}"
EndProject
Project("{9A19103F-16F7-4668-BE54-9A1E7A4F7556}") = "Foundation3", "final\Foundation3\Foundation3.csproj", "{6F52C9D7-0E43-44AC-84DD-C88F2DB8BCEE}"
EndProject
Project("{9A19103F-16F7-4668-BE54-9A1E7A4F7556}") = "Foundation4", "final\Foundation4\Foundation4.csproj", "{E6F4E3A2-91E7-4C6E-B32B-078FAD33F0C7}"
EndProject
Project("{2150E333-8FDC-42A3-9474-1A3956D46DE8}") = "prepare", "prepare", "{55EF2C9B-BB40-4BF3-AE72-E0A97F6FB0FF}"
EndProject
Project("{9A19103F-16F7-4668-BE54-9A1E7A4F7556}") = "Learning02", "prepare\Learning02\Learning02.csproj", "{BF3A613B-1E16-467A-9516-CBAD05065EC4}"
EndProject
Project("{9A19103F-16F7-4668-BE54-9A1E7A4F7556}") = "Learning03", "prepare\Learning03\Learning03.csproj", "{F834D003-57BA-41D0-AA33-A32EFB018642}"
EndProject
Project("{9A19103F-16F7-4668-BE54-9A1E7A4F7556}") = "Learning04", "prepare\Learning04\Learning04.csproj", "{8F44D846-4A55-42EC-B440-61C099191A92}"
EndProject
Project("{9A19103F-16F7-4668-BE54-9A1E7A4F7556}") = "Learning05", "prepare\Learning05\Learning05.csproj", "{38ACA32B-CD69-4B50-A00F-A15DDC1963CB}"
EndProject
Project("{2150E333-8FDC-42A3-9474-1A3956D46DE8}") = "prove", "prove", "{6ADACBC7-8B17-470D-A1FC-BA48DE92B998}"
EndProject
Project("{9A19103F-16F7-4668-BE54-9A1E7A4F7556}") = "Develop02", "prove\Develop02\Develop02.csproj", "{885D8526-581E-45E4-97E7-0936859CF670}"
EndProject
Project("{9A19103F-16F7-4668-BE54-9A1E7A4F7556}") = "Develop03", "prove\Develop03\Develop03.csproj", "{5719F2D0-5985-40CB-B852-E1289B2578AF}"
EndProject
Project("{9A19103F-16F7-4668-BE54-9A1E7A4F7556}") = "Develop04", "prove\Develop04\Develop04.csproj", "{E93D2E52-4C28-43BF-B0B8-CBF88077E3F9}"
EndProject
Project("{9A19103F-16F7-4668-BE54-9A1E7A4F7556}") = "Develop05", "prove\Develop05\Develop05.csproj", "{0AA346EF-9346-44EA-878F-013A65740848}"
EndProject
Project("{2150E333-8FDC-42A3-9474-1A3956D46DE8}") = "sandbox", "sandbox", "{34C1D504-0DD7-46E0-B177-DC82EA416BEE}"
EndProject
Project("{9A19103F-16F7-4668-BE54-9A1E7A4F7556}") = "Sandbox", "sandbox\Sandbox\Sandbox.csproj", "{C68F1CB6-5FD1-4415-9AD7-4E64BAECBB67}"
EndProject
Global
	GlobalSection(SolutionConfigurationPlatforms) = preSolution
		Debug|Any CPU = Debug|Any CPU
		Release|Any CPU = Release|Any CPU
	EndGlobalSection
	GlobalSection(ProjectConfigurationPlatforms) = postSolution
		{78589441-B87A-4A81-A443-7153F5303479}.Debug|Any CPU.ActiveCfg = Debug|Any CPU
		{78589441-B87A-4A81-A443-7153F5303479}.Debug|Any CPU.Build.0 = Debug|Any CPU
		{78589441-B87A-4A81-A443-7153F5303479}.Release|Any CPU.ActiveCfg = Release|Any CPU
		{78589441-B87A-4A81-A443-7153F5303479}.Release|Any CPU.Build.0 = Release|Any CPU
		{FD5C3A57-7EDC-4DF8-B144-723F69A8E513}.Debug|Any CPU.ActiveCfg = Debug|Any CPU
		{FD5C3A57-7EDC-4DF8-B144-723F69A8E513}.Debug|Any CPU.Build.0 = Debug|Any CPU
		{FD5C3A57-7EDC-4DF8-B144-723F69A8E513}.Release|Any CPU.ActiveCfg = Release|Any CPU
		{FD5C3A57-7EDC-4DF8-B144-723F69A8E513}.Release|Any CPU.Build.0 = Release|Any CPU
		{F9CCF192-FACF-471E-B4AE-BD274CFFE6B6}.Debug|Any CPU.ActiveCfg = Debug|Any CPU
		{F9CCF192-FACF-471E-B4AE-BD274CFFE6B6}.Debug|Any CPU.Build.0 = Debug|Any CPU
		{F9CCF192-FACF-471E-B4AE-BD274CFFE6B6}.Release|Any CPU.ActiveCfg = Release|Any CPU
		{F9CCF192-FACF-471E-B4AE-BD274CFFE6B6}.Release|Any CPU.Build.0 = Release|Any CPU
		{CFF09143-C9B0-40D3-8BA1-E6DE4D0199BC}.Debug|Any CPU.ActiveCfg = Debug|Any CPU
		{CFF09143-C9B0-40D3-8BA1-E6DE4D0199BC}.Debug|Any CPU.Build.0 = Debug|Any CPU
		{CFF09143-C9B0-40D3-8BA1-E6DE4D0199BC}.Release|Any CPU.ActiveCfg = Release|Any CPU
		{CFF09143-C9B0-40D3-8BA1-E6DE4D0199BC}.Release|Any CPU.Build.0 = Release|Any CPU
		{C7D1B016-3CC9-4149-9FB8-96DDC0C5D6EE}.Debug|Any CPU.ActiveCfg = Debug|Any CPU
		{C7D1B016-3CC9-4149-9FB8-96DDC0C5D6EE}.Debug|Any CPU.Build.0 = Debug|Any CPU
		{C7D1B016-3CC9-4149-9FB8-96DDC0C5D6EE}.Release|Any CPU.ActiveCfg = Release|Any CPU
		{C7D1B016-3CC9-4149-9FB8-96DDC0C5D6EE}.Release|Any CPU.Build.0 = Release|Any CPU
		{A39D3BD2-A973-4572-A9E6-CC6CBB06275B}.Debug|Any CPU.ActiveCfg = Debug|Any CPU
		{A39D3BD2-A973-4572-A9E6-CC6CBB06275B}.Debug|Any CPU.Build.0 = Debug|Any CPU
		{A39D3BD2-A973-4572-A9E6-CC6CBB06275B}.Release|Any CPU.ActiveCfg = Release|Any CPU
		{A39D3BD2-A973-4572-A9E6-CC6CBB06275B}.Release|Any CPU.Build.0 = Release|Any CPU
		{9F357E36-ACA9-400D-B806-71D0F37CF1F2}.Debug|Any CPU.ActiveCfg = Debug|Any CPU
		{9F357E36-ACA9-400D-B806-71D0F37CF1F2}.Debug|Any CPU.Build.0 = Debug|Any CPU
		{9F357E36-ACA9-400D-B806-71D0F37CF1F2}.Release|Any CPU.ActiveCfg = Release|Any CPU
		{9F357E36-ACA9-400D-B806-71D0F37CF1F2}.Release|Any CPU.Build.0 = Release|Any CPU
		{96DEA8CB-6629-4192-A916-299974657433}.Debug|Any CPU.ActiveCfg = Debug|Any CPU
		{96DEA8CB-6629-4192-A916-299974657433}.Debug|Any CPU.Build.0 = Debug|Any CPU
		{96DEA8CB-6629-4192-A916-299974657433}.Release|Any CPU.ActiveCfg = Release|Any CPU
		{96DEA8CB-6629-4192-A916-299974657433}.Release|Any CPU.Build.0 = Release|Any CPU
		{6F52C9D7-0E43-44AC-84DD-C88F2DB8BCEE}.Debug|Any CPU.ActiveCfg = Debug|Any CPU
		{6F52C9D7-0E43-44AC-84DD-C88F2DB8BCEE}.Debug|Any CPU.Build.0 = Debug|Any CPU
		{6F52C9D7-0E43-44AC-84DD-C88F2DB8BCEE}.Release|Any CPU.ActiveCfg = Release|Any CPU
		{6F52C9D7-0E43-44AC-84DD-C88F2DB8BCEE}.Release|Any CPU.Build.0 = Release|Any CPU
		{E6F4E3A2-91E7-4C6E-B32B-078FAD33F0C7}.Debug|Any CPU.ActiveCfg = Debug|Any CPU
		{E6F4E3A2-91E7-4C6E-B32B-078FAD33F0C7}.Debug|Any CPU.Build.0 = Debug|Any CPU
		{E6F4E3A2-91E7-4C6E-B32B-078FAD33F0C7}.Release|Any CPU.ActiveCfg = Release|Any CPU
		{E6F4E3A2-91E7-4C6E-B32B-078FAD33F0C7}.Release|Any CPU.Build.0 = Release|Any CPU
		{BF3A613B-1E16-467A-9516-CBAD05065EC4}.Debug|Any CPU.ActiveCfg = Debug|Any CPU
		{BF3A613B-1E16-467A-9516-CBAD05065EC4}.Debug|Any CPU.Build.0 = Debug|Any CPU
		{BF3A613B-1E16-467A-9516-CBAD05065EC4}.Release|Any CPU.ActiveCfg = Release|Any CPU
		{BF3A613B-1E16-467A-9516-CBAD05065EC4}.Release|Any CPU.Build.0 = Release|Any CPU
		{F834D003-57BA-41D0-AA33-A32EFB018642}.Debug|Any CPU.ActiveCfg = Debug|Any CPU
		{F834D003-57BA-41D0-AA33-A32EFB018642}.Debug|Any CPU.Build.0 = Debug|Any CPU
		{F834D003-57BA-41D0-AA33-A32EFB018642}.Release|Any CPU.ActiveCfg = Release|Any CPU
		{F834D003-57BA-41D0-AA33-A32EFB018642}.Release|Any CPU.Build.0 = Release|Any CPU
		{8F44D846-4A55-42EC-B440-61C099191A92}.Debug|Any CPU.ActiveCfg = Debug|Any CPU
		{8F44D846-4A55-42EC-B440-61C099191A92}.Debug|Any CPU.Build.0 = Debug|Any CPU
		{8F44D846-4A55-42EC-B440-61C099191A92}.Release|Any CPU.ActiveCfg = Release|Any CPU
		{8F44D846-4A55-42EC-B440-61C099191A92}.Release|Any CPU.Build.0 = Release|Any CPU
		{38ACA32B-CD69-4B50-A00F-A15DDC1963CB}.Debug|Any CPU.ActiveCfg = Debug|Any CPU
		{38ACA32B-CD69-4B50-A00F-A15DDC1963CB}.Debug|Any CPU.Build.0 = Debug|Any CPU
		{38ACA32B-CD69-4B50-A00F-A15DDC1963CB}.Release|Any CPU.ActiveCfg = Release|Any CPU
		{38ACA32B-CD69-4B50-A00F-A15DDC1963CB}.Release|Any CPU.Build.0 = Release|Any CPU
		{885D8526-581E-45E4-97E7-0936859CF670}.Debug|Any CPU.ActiveCfg = Debug|Any CPU
		{885D8526-581E-45E4-97E7-0936859CF670}.Debug|Any CPU.Build.0 = Debug|Any CPU
		{885D8526-581E-45E4-97E7-0936859CF670}.Release|Any CPU.ActiveCfg = Release|Any CPU
		{885D8526-581E-45E4-97E7-0936859CF670}.Release|Any CPU.Build.0 = Release|Any CPU
		{5719F2D0-5985-40CB-B852-E1289B2578AF}.Debug|Any CPU.ActiveCfg = Debug|Any CPU
		{5719F2D0-5985-40CB-B852-E1289B2578AF}.Debug|Any CPU.Build.0 = Debug|Any CPU
		{5719F2D0-5985-40CB-B852-E1289B2578AF}.Release|Any CPU.ActiveCfg = Release|Any CPU
		{5719F2D0-5985-40CB-B852-E1289B2578AF}.Release|Any CPU.Build.0 = Release|Any CPU
		{E93D2E52-4C28-43BF-B0B8-CBF88077E3F9}.Debug|Any CPU.ActiveCfg = Debug|Any CPU
		{E93D2E52-4C28-43BF-B0B8-CBF88077E3F9}.Debug|Any CPU.Build.0 = Debug|Any CPU
		{E93D2E52-4C28-43BF-B0B8-CBF88077E3F9}.Release|Any CPU.ActiveCfg = Release|Any CPU
		{E93D2E52-4C28-43BF-B0B8-CBF88077E3F9}.Release|Any CPU.Build.0 = Release|Any CPU
		{0AA346EF-9346-44EA-878F-013A65740848}.Debug|Any CPU.ActiveCfg = Debug|Any CPU
		{0AA346EF-9346-44EA-878F-013A65740848}.Debug|Any CPU.Build.0 = Debug|Any CPU
		{0AA346EF-9346-44EA-878F-013A65740848}.Release|Any CPU.ActiveCfg = Release|Any CPU
		{0AA346EF-9346-44EA-878F-013A65740848}.Release|Any CPU.Build.0 = Release|Any CPU
		{C68F1CB6-5FD1-4415-9AD7-4E64BAECBB67}.Debug|Any CPU.ActiveCfg = Debug|Any CPU
		{C68F1CB6-5FD1-4415-9AD7-4E64BAECBB67}.Debug|Any CPU.Build.0 = Debug|Any CPU
		{C68F1CB6-5FD1-4415-9AD7-4E64BAECBB67}.Release|Any CPU.ActiveCfg = Release|Any CPU
		{C68F1CB6-5FD1-4415-9AD7-4E64BAECBB67}.Release|Any CPU.Build.0 = Release|Any CPU
	EndGlobalSection
	GlobalSection(SolutionProperties) = preSolution
		HideSolutionNode = FALSE
	EndGlobalSection
	GlobalSection(NestedProjects) = preSolution
		{78589441-B87A-4A81-A443-7153F5303479} = {5BCD0385-308C-4B34-9876-BCBE4F2BD9E8}
		{FD5C3A57-7EDC-4DF8-B144-723F69A8E513} = {5BCD0385-308C-4B34-9876-BCBE4F2BD9E8}
		{F9CCF192-FACF-471E-B4AE-BD274CFFE6B6} = {5BCD0385-308C-4B34-9876-BCBE4F2BD9E8}
		{CFF09143-C9B0-40D3-8BA1-E6DE4D0199BC} = {5BCD0385-308C-4B34-9876-BCBE4F2BD9E8}
		{C7D1B016-3CC9-4149-9FB8-96DDC0C5D6EE} = {5BCD0385-308C-4B34-9876-BCBE4F2BD9E8}
		{A39D3BD2-A973-4572-A9E6-CC6CBB06275B} = {9CB28E75-251A-44C3-9CDC-73FF91A64161}
		{9F357E36-ACA9-400D-B806-71D0F37CF1F2} = {9CB28E75-251A-44C3-9CDC-73FF91A64161}
		{96DEA8CB-6629-4192-A916-299974657433} = {9CB28E75-251A-44C3-9CDC-73FF91A64161}
		{6F52C9D7-0E43-44AC-84DD-C88F2DB8BCEE} = {9CB28E75-251A-44C3-9CDC-73FF91A64161}
		{E6F4E3A2-91E7-4C6E-B32B-078FAD33F0C7} = {9CB28E75-251A-44C3-9CDC-73FF91A64161}
		{BF3A613B-1E16-467A-9516-CBAD05065EC4} = {55EF2C9B-BB40-4BF3-AE72-E0A97F6FB0FF}
		{F834D003-57BA-41D0-AA33-A32EFB018642} = {55EF2C9B-BB40-4BF3-AE72-E0A97F6FB0FF}
		{8F44D846-4A55-42EC-B440-61C099191A92} = {55EF2C9B-BB40-4BF3-AE72-E0A97F6FB0FF}
		{38ACA32B-CD69-4B50-A00F-A15DDC1963CB} = {55EF2C9B-BB40-4BF3-AE72-E0A97F6FB0FF}
		{885D8526-581E-45E4-97E7-0936859CF670} = {6ADACBC7-8B17-470D-A1FC-BA48DE92B998}
		{5719F2D0-5985-40CB-B852-E1289B2578AF} = {6ADACBC7-8B17-470D-A1FC-BA48DE92B998}
		{E93D2E52-4C28-43BF-B0B8-CBF88077E3F9} = {6ADACBC7-8B17-470D-A1FC-BA48DE92B998}
		{0AA346EF-9346-44EA-878F-013A65740848} = {6ADACBC7-8B17-470D-A1FC-BA48DE92B998}
		{C68F1CB6-5FD1-4415-9AD7-4E64BAECBB67} = {34C1D504-0DD7-46E0-B177-DC82EA416BEE}
	EndGlobalSection
	GlobalSection(ExtensibilityGlobals) = postSolution
		SolutionGuid = {6BDB5E5F-B2E5-4E4C-A64B-C3E3913D3E3A}
	EndGlobalSection
EndGlobal
